# generated by rye
# use `rye lock` or `rye sync` to update this lockfile
#
# last locked with the following flags:
#   pre: false
#   features: []
#   all-features: false
#   with-sources: false

-e file:.
annotated-types==0.6.0
    # via pydantic
cachetools==5.3.3
    # via tox
chardet==5.2.0
    # via tox
colorama==0.4.6
    # via tox
distlib==0.3.8
    # via virtualenv
exceptiongroup==1.2.1
    # via pytest
filelock==3.13.4
    # via tox
    # via virtualenv
iniconfig==2.0.0
    # via pytest
mypy==1.9.0
mypy-extensions==1.0.0
    # via mypy
packaging==24.0
    # via pyproject-api
    # via pytest
    # via tox
platformdirs==4.2.0
    # via tox
    # via virtualenv
pluggy==1.5.0
    # via pytest
    # via tox
pydantic==2.7.0
    # via kvm-db
pydantic-core==2.18.1
    # via pydantic
pyproject-api==1.6.1
    # via tox
pytest==8.1.1
ruff==0.4.1
tomli==2.0.1
    # via mypy
    # via pyproject-api
    # via pytest
    # via tox
tox==4.14.2
typing-extensions==4.11.0
    # via mypy
    # via pydantic
    # via pydantic-core
virtualenv==20.25.3
    # via tox
