
Microsoft Visual Studio Solution File, Format Version 10.00
# Visual C++ Express 2008
Project("{8BC9CEB8-8B4A-11D0-8D11-00A0C91BC942}") = "libfcache", "libfcache\libfcache.vcproj", "{20C0F3F3-F605-48A2-9B4D-EF658CD14D2C}"
	ProjectSection(ProjectDependencies) = postProject
		{5B660749-D0AA-42C7-B394-9DCAA4DC7239} = {5B660749-D0AA-42C7-B394-9DCAA4DC7239}
		{72E5D9E6-B726-4890-978F-DD8C2B12BF5D} = {72E5D9E6-B726-4890-978F-DD8C2B12BF5D}
		{8FD845FB-9E4C-41D7-A2AE-2D7F81DB853B} = {8FD845FB-9E4C-41D7-A2AE-2D7F81DB853B}
	EndProjectSection
EndProject
Project("{8BC9CEB8-8B4A-11D0-8D11-00A0C91BC942}") = "vsbsdl_test_disklabel", "vsbsdl_test_disklabel\vsbsdl_test_disklabel.vcproj", "{F8AEA15A-F155-4A65-88E8-037C28916493}"
	ProjectSection(ProjectDependencies) = postProject
		{B4E06615-E72D-4D0F-A004-E7F20FE0834A} = {B4E06615-E72D-4D0F-A004-E7F20FE0834A}
		{D31D2AD6-7EEE-4494-8FBA-0F025E725529} = {D31D2AD6-7EEE-4494-8FBA-0F025E725529}
		{1A67AA08-F5B7-41DA-A0CC-DBC6DC36C9A5} = {1A67AA08-F5B7-41DA-A0CC-DBC6DC36C9A5}
		{C6753809-4088-48F5-A83B-71F5BAD68B62} = {C6753809-4088-48F5-A83B-71F5BAD68B62}
		{6F2589F3-75A5-4AB7-A4B9-7CED1FFADF3D} = {6F2589F3-75A5-4AB7-A4B9-7CED1FFADF3D}
		{E0AD4C44-9FB3-4E2B-B7E1-4A1BA66CF6F2} = {E0AD4C44-9FB3-4E2B-B7E1-4A1BA66CF6F2}
		{0D74892E-9E9C-4ED4-B754-167F75436313} = {0D74892E-9E9C-4ED4-B754-167F75436313}
		{8FD845FB-9E4C-41D7-A2AE-2D7F81DB853B} = {8FD845FB-9E4C-41D7-A2AE-2D7F81DB853B}
		{6BDB58C0-EE0C-4603-8257-46D76F854EF4} = {6BDB58C0-EE0C-4603-8257-46D76F854EF4}
		{5B660749-D0AA-42C7-B394-9DCAA4DC7239} = {5B660749-D0AA-42C7-B394-9DCAA4DC7239}
	EndProjectSection
EndProject
Project("{8BC9CEB8-8B4A-11D0-8D11-00A0C91BC942}") = "vsbsdl_test_error", "vsbsdl_test_error\vsbsdl_test_error.vcproj", "{AEEC706E-E9E7-4518-AC75-034FFE134B00}"
	ProjectSection(ProjectDependencies) = postProject
		{6BDB58C0-EE0C-4603-8257-46D76F854EF4} = {6BDB58C0-EE0C-4603-8257-46D76F854EF4}
	EndProjectSection
EndProject
Project("{8BC9CEB8-8B4A-11D0-8D11-00A0C91BC942}") = "vsbsdl_test_io_handle", "vsbsdl_test_io_handle\vsbsdl_test_io_handle.vcproj", "{5C8A41FE-90A3-45C8-85BF-DACAABEBF619}"
	ProjectSection(ProjectDependencies) = postProject
		{6BDB58C0-EE0C-4603-8257-46D76F854EF4} = {6BDB58C0-EE0C-4603-8257-46D76F854EF4}
		{5B660749-D0AA-42C7-B394-9DCAA4DC7239} = {5B660749-D0AA-42C7-B394-9DCAA4DC7239}
	EndProjectSection
EndProject
Project("{8BC9CEB8-8B4A-11D0-8D11-00A0C91BC942}") = "vsbsdl_test_notify", "vsbsdl_test_notify\vsbsdl_test_notify.vcproj", "{FF05C568-04A1-4030-8718-2178965851A2}"
	ProjectSection(ProjectDependencies) = postProject
		{6BDB58C0-EE0C-4603-8257-46D76F854EF4} = {6BDB58C0-EE0C-4603-8257-46D76F854EF4}
		{5B660749-D0AA-42C7-B394-9DCAA4DC7239} = {5B660749-D0AA-42C7-B394-9DCAA4DC7239}
	EndProjectSection
EndProject
Project("{8BC9CEB8-8B4A-11D0-8D11-00A0C91BC942}") = "vsbsdl_test_partition", "vsbsdl_test_partition\vsbsdl_test_partition.vcproj", "{BB9F971B-2B93-4C98-977F-B25D32A27B38}"
	ProjectSection(ProjectDependencies) = postProject
		{B4E06615-E72D-4D0F-A004-E7F20FE0834A} = {B4E06615-E72D-4D0F-A004-E7F20FE0834A}
		{D31D2AD6-7EEE-4494-8FBA-0F025E725529} = {D31D2AD6-7EEE-4494-8FBA-0F025E725529}
		{1A67AA08-F5B7-41DA-A0CC-DBC6DC36C9A5} = {1A67AA08-F5B7-41DA-A0CC-DBC6DC36C9A5}
		{C6753809-4088-48F5-A83B-71F5BAD68B62} = {C6753809-4088-48F5-A83B-71F5BAD68B62}
		{6F2589F3-75A5-4AB7-A4B9-7CED1FFADF3D} = {6F2589F3-75A5-4AB7-A4B9-7CED1FFADF3D}
		{E0AD4C44-9FB3-4E2B-B7E1-4A1BA66CF6F2} = {E0AD4C44-9FB3-4E2B-B7E1-4A1BA66CF6F2}
		{0D74892E-9E9C-4ED4-B754-167F75436313} = {0D74892E-9E9C-4ED4-B754-167F75436313}
		{8FD845FB-9E4C-41D7-A2AE-2D7F81DB853B} = {8FD845FB-9E4C-41D7-A2AE-2D7F81DB853B}
		{6BDB58C0-EE0C-4603-8257-46D76F854EF4} = {6BDB58C0-EE0C-4603-8257-46D76F854EF4}
		{72E5D9E6-B726-4890-978F-DD8C2B12BF5D} = {72E5D9E6-B726-4890-978F-DD8C2B12BF5D}
		{5B660749-D0AA-42C7-B394-9DCAA4DC7239} = {5B660749-D0AA-42C7-B394-9DCAA4DC7239}
	EndProjectSection
EndProject
Project("{8BC9CEB8-8B4A-11D0-8D11-00A0C91BC942}") = "vsbsdl_test_partition_entry", "vsbsdl_test_partition_entry\vsbsdl_test_partition_entry.vcproj", "{4D55B919-36EC-461D-B874-F4E052B37B4F}"
	ProjectSection(ProjectDependencies) = postProject
		{6BDB58C0-EE0C-4603-8257-46D76F854EF4} = {6BDB58C0-EE0C-4603-8257-46D76F854EF4}
		{5B660749-D0AA-42C7-B394-9DCAA4DC7239} = {5B660749-D0AA-42C7-B394-9DCAA4DC7239}
	EndProjectSection
EndProject
Project("{8BC9CEB8-8B4A-11D0-8D11-00A0C91BC942}") = "vsbsdl_test_sector_data", "vsbsdl_test_sector_data\vsbsdl_test_sector_data.vcproj", "{771D7AC3-53F4-4E45-8412-FBB5431604A8}"
	ProjectSection(ProjectDependencies) = postProject
		{B4E06615-E72D-4D0F-A004-E7F20FE0834A} = {B4E06615-E72D-4D0F-A004-E7F20FE0834A}
		{D31D2AD6-7EEE-4494-8FBA-0F025E725529} = {D31D2AD6-7EEE-4494-8FBA-0F025E725529}
		{1A67AA08-F5B7-41DA-A0CC-DBC6DC36C9A5} = {1A67AA08-F5B7-41DA-A0CC-DBC6DC36C9A5}
		{C6753809-4088-48F5-A83B-71F5BAD68B62} = {C6753809-4088-48F5-A83B-71F5BAD68B62}
		{6F2589F3-75A5-4AB7-A4B9-7CED1FFADF3D} = {6F2589F3-75A5-4AB7-A4B9-7CED1FFADF3D}
		{E0AD4C44-9FB3-4E2B-B7E1-4A1BA66CF6F2} = {E0AD4C44-9FB3-4E2B-B7E1-4A1BA66CF6F2}
		{0D74892E-9E9C-4ED4-B754-167F75436313} = {0D74892E-9E9C-4ED4-B754-167F75436313}
		{8FD845FB-9E4C-41D7-A2AE-2D7F81DB853B} = {8FD845FB-9E4C-41D7-A2AE-2D7F81DB853B}
		{6BDB58C0-EE0C-4603-8257-46D76F854EF4} = {6BDB58C0-EE0C-4603-8257-46D76F854EF4}
		{5B660749-D0AA-42C7-B394-9DCAA4DC7239} = {5B660749-D0AA-42C7-B394-9DCAA4DC7239}
	EndProjectSection
EndProject
Project("{8BC9CEB8-8B4A-11D0-8D11-00A0C91BC942}") = "vsbsdl_test_support", "vsbsdl_test_support\vsbsdl_test_support.vcproj", "{3E4B3B2B-2C51-4586-BE3F-BF8EC4ACA9D8}"
	ProjectSection(ProjectDependencies) = postProject
		{B4E06615-E72D-4D0F-A004-E7F20FE0834A} = {B4E06615-E72D-4D0F-A004-E7F20FE0834A}
		{D31D2AD6-7EEE-4494-8FBA-0F025E725529} = {D31D2AD6-7EEE-4494-8FBA-0F025E725529}
		{1A67AA08-F5B7-41DA-A0CC-DBC6DC36C9A5} = {1A67AA08-F5B7-41DA-A0CC-DBC6DC36C9A5}
		{C6753809-4088-48F5-A83B-71F5BAD68B62} = {C6753809-4088-48F5-A83B-71F5BAD68B62}
		{6F2589F3-75A5-4AB7-A4B9-7CED1FFADF3D} = {6F2589F3-75A5-4AB7-A4B9-7CED1FFADF3D}
		{E0AD4C44-9FB3-4E2B-B7E1-4A1BA66CF6F2} = {E0AD4C44-9FB3-4E2B-B7E1-4A1BA66CF6F2}
		{0D74892E-9E9C-4ED4-B754-167F75436313} = {0D74892E-9E9C-4ED4-B754-167F75436313}
		{8FD845FB-9E4C-41D7-A2AE-2D7F81DB853B} = {8FD845FB-9E4C-41D7-A2AE-2D7F81DB853B}
		{6BDB58C0-EE0C-4603-8257-46D76F854EF4} = {6BDB58C0-EE0C-4603-8257-46D76F854EF4}
		{5B660749-D0AA-42C7-B394-9DCAA4DC7239} = {5B660749-D0AA-42C7-B394-9DCAA4DC7239}
	EndProjectSection
EndProject
Project("{8BC9CEB8-8B4A-11D0-8D11-00A0C91BC942}") = "vsbsdl_test_tools_info_handle", "vsbsdl_test_tools_info_handle\vsbsdl_test_tools_info_handle.vcproj", "{DE76A5EE-7577-4C99-80EB-E7C2DE4FB955}"
	ProjectSection(ProjectDependencies) = postProject
		{B4E06615-E72D-4D0F-A004-E7F20FE0834A} = {B4E06615-E72D-4D0F-A004-E7F20FE0834A}
		{D31D2AD6-7EEE-4494-8FBA-0F025E725529} = {D31D2AD6-7EEE-4494-8FBA-0F025E725529}
		{1A67AA08-F5B7-41DA-A0CC-DBC6DC36C9A5} = {1A67AA08-F5B7-41DA-A0CC-DBC6DC36C9A5}
		{C6753809-4088-48F5-A83B-71F5BAD68B62} = {C6753809-4088-48F5-A83B-71F5BAD68B62}
		{6F2589F3-75A5-4AB7-A4B9-7CED1FFADF3D} = {6F2589F3-75A5-4AB7-A4B9-7CED1FFADF3D}
		{E0AD4C44-9FB3-4E2B-B7E1-4A1BA66CF6F2} = {E0AD4C44-9FB3-4E2B-B7E1-4A1BA66CF6F2}
		{0D74892E-9E9C-4ED4-B754-167F75436313} = {0D74892E-9E9C-4ED4-B754-167F75436313}
		{8FD845FB-9E4C-41D7-A2AE-2D7F81DB853B} = {8FD845FB-9E4C-41D7-A2AE-2D7F81DB853B}
		{6BDB58C0-EE0C-4603-8257-46D76F854EF4} = {6BDB58C0-EE0C-4603-8257-46D76F854EF4}
		{5B660749-D0AA-42C7-B394-9DCAA4DC7239} = {5B660749-D0AA-42C7-B394-9DCAA4DC7239}
	EndProjectSection
EndProject
Project("{8BC9CEB8-8B4A-11D0-8D11-00A0C91BC942}") = "vsbsdl_test_tools_output", "vsbsdl_test_tools_output\vsbsdl_test_tools_output.vcproj", "{025B94A5-5D64-44A2-BC84-1DCBDB3D219C}"
	ProjectSection(ProjectDependencies) = postProject
		{6BDB58C0-EE0C-4603-8257-46D76F854EF4} = {6BDB58C0-EE0C-4603-8257-46D76F854EF4}
		{5B660749-D0AA-42C7-B394-9DCAA4DC7239} = {5B660749-D0AA-42C7-B394-9DCAA4DC7239}
	EndProjectSection
EndProject
Project("{8BC9CEB8-8B4A-11D0-8D11-00A0C91BC942}") = "vsbsdl_test_tools_signal", "vsbsdl_test_tools_signal\vsbsdl_test_tools_signal.vcproj", "{7157676C-F63D-40D0-8BEF-118F1D14D10E}"
	ProjectSection(ProjectDependencies) = postProject
		{6BDB58C0-EE0C-4603-8257-46D76F854EF4} = {6BDB58C0-EE0C-4603-8257-46D76F854EF4}
		{5B660749-D0AA-42C7-B394-9DCAA4DC7239} = {5B660749-D0AA-42C7-B394-9DCAA4DC7239}
	EndProjectSection
EndProject
Project("{8BC9CEB8-8B4A-11D0-8D11-00A0C91BC942}") = "vsbsdl_test_volume", "vsbsdl_test_volume\vsbsdl_test_volume.vcproj", "{02B4454B-A28D-4738-B66C-DE1719A6BCCF}"
	ProjectSection(ProjectDependencies) = postProject
		{B4E06615-E72D-4D0F-A004-E7F20FE0834A} = {B4E06615-E72D-4D0F-A004-E7F20FE0834A}
		{D31D2AD6-7EEE-4494-8FBA-0F025E725529} = {D31D2AD6-7EEE-4494-8FBA-0F025E725529}
		{1A67AA08-F5B7-41DA-A0CC-DBC6DC36C9A5} = {1A67AA08-F5B7-41DA-A0CC-DBC6DC36C9A5}
		{C6753809-4088-48F5-A83B-71F5BAD68B62} = {C6753809-4088-48F5-A83B-71F5BAD68B62}
		{6F2589F3-75A5-4AB7-A4B9-7CED1FFADF3D} = {6F2589F3-75A5-4AB7-A4B9-7CED1FFADF3D}
		{E0AD4C44-9FB3-4E2B-B7E1-4A1BA66CF6F2} = {E0AD4C44-9FB3-4E2B-B7E1-4A1BA66CF6F2}
		{0D74892E-9E9C-4ED4-B754-167F75436313} = {0D74892E-9E9C-4ED4-B754-167F75436313}
		{8FD845FB-9E4C-41D7-A2AE-2D7F81DB853B} = {8FD845FB-9E4C-41D7-A2AE-2D7F81DB853B}
		{6BDB58C0-EE0C-4603-8257-46D76F854EF4} = {6BDB58C0-EE0C-4603-8257-46D76F854EF4}
		{72E5D9E6-B726-4890-978F-DD8C2B12BF5D} = {72E5D9E6-B726-4890-978F-DD8C2B12BF5D}
		{5B660749-D0AA-42C7-B394-9DCAA4DC7239} = {5B660749-D0AA-42C7-B394-9DCAA4DC7239}
	EndProjectSection
EndProject
Project("{8BC9CEB8-8B4A-11D0-8D11-00A0C91BC942}") = "libclocale", "libclocale\libclocale.vcproj", "{0D74892E-9E9C-4ED4-B754-167F75436313}"
	ProjectSection(ProjectDependencies) = postProject
		{5B660749-D0AA-42C7-B394-9DCAA4DC7239} = {5B660749-D0AA-42C7-B394-9DCAA4DC7239}
	EndProjectSection
EndProject
Project("{8BC9CEB8-8B4A-11D0-8D11-00A0C91BC942}") = "libbfio", "libbfio\libbfio.vcproj", "{B4E06615-E72D-4D0F-A004-E7F20FE0834A}"
	ProjectSection(ProjectDependencies) = postProject
		{5B660749-D0AA-42C7-B394-9DCAA4DC7239} = {5B660749-D0AA-42C7-B394-9DCAA4DC7239}
		{72E5D9E6-B726-4890-978F-DD8C2B12BF5D} = {72E5D9E6-B726-4890-978F-DD8C2B12BF5D}
		{0D74892E-9E9C-4ED4-B754-167F75436313} = {0D74892E-9E9C-4ED4-B754-167F75436313}
		{E0AD4C44-9FB3-4E2B-B7E1-4A1BA66CF6F2} = {E0AD4C44-9FB3-4E2B-B7E1-4A1BA66CF6F2}
		{8FD845FB-9E4C-41D7-A2AE-2D7F81DB853B} = {8FD845FB-9E4C-41D7-A2AE-2D7F81DB853B}
		{6F2589F3-75A5-4AB7-A4B9-7CED1FFADF3D} = {6F2589F3-75A5-4AB7-A4B9-7CED1FFADF3D}
		{1A67AA08-F5B7-41DA-A0CC-DBC6DC36C9A5} = {1A67AA08-F5B7-41DA-A0CC-DBC6DC36C9A5}
		{D31D2AD6-7EEE-4494-8FBA-0F025E725529} = {D31D2AD6-7EEE-4494-8FBA-0F025E725529}
		{C6753809-4088-48F5-A83B-71F5BAD68B62} = {C6753809-4088-48F5-A83B-71F5BAD68B62}
	EndProjectSection
EndProject
Project("{8BC9CEB8-8B4A-11D0-8D11-00A0C91BC942}") = "pyvsbsdl", "pyvsbsdl\pyvsbsdl.vcproj", "{809BD8D1-DB44-46A1-BD2A-C2A2C0F0109E}"
	ProjectSection(ProjectDependencies) = postProject
		{5B660749-D0AA-42C7-B394-9DCAA4DC7239} = {5B660749-D0AA-42C7-B394-9DCAA4DC7239}
		{6BDB58C0-EE0C-4603-8257-46D76F854EF4} = {6BDB58C0-EE0C-4603-8257-46D76F854EF4}
		{8FD845FB-9E4C-41D7-A2AE-2D7F81DB853B} = {8FD845FB-9E4C-41D7-A2AE-2D7F81DB853B}
		{0D74892E-9E9C-4ED4-B754-167F75436313} = {0D74892E-9E9C-4ED4-B754-167F75436313}
		{6F2589F3-75A5-4AB7-A4B9-7CED1FFADF3D} = {6F2589F3-75A5-4AB7-A4B9-7CED1FFADF3D}
		{C6753809-4088-48F5-A83B-71F5BAD68B62} = {C6753809-4088-48F5-A83B-71F5BAD68B62}
		{1A67AA08-F5B7-41DA-A0CC-DBC6DC36C9A5} = {1A67AA08-F5B7-41DA-A0CC-DBC6DC36C9A5}
		{D31D2AD6-7EEE-4494-8FBA-0F025E725529} = {D31D2AD6-7EEE-4494-8FBA-0F025E725529}
		{B4E06615-E72D-4D0F-A004-E7F20FE0834A} = {B4E06615-E72D-4D0F-A004-E7F20FE0834A}
	EndProjectSection
EndProject
Project("{8BC9CEB8-8B4A-11D0-8D11-00A0C91BC942}") = "libcfile", "libcfile\libcfile.vcproj", "{1A67AA08-F5B7-41DA-A0CC-DBC6DC36C9A5}"
	ProjectSection(ProjectDependencies) = postProject
		{5B660749-D0AA-42C7-B394-9DCAA4DC7239} = {5B660749-D0AA-42C7-B394-9DCAA4DC7239}
		{0D74892E-9E9C-4ED4-B754-167F75436313} = {0D74892E-9E9C-4ED4-B754-167F75436313}
		{E0AD4C44-9FB3-4E2B-B7E1-4A1BA66CF6F2} = {E0AD4C44-9FB3-4E2B-B7E1-4A1BA66CF6F2}
		{C6753809-4088-48F5-A83B-71F5BAD68B62} = {C6753809-4088-48F5-A83B-71F5BAD68B62}
	EndProjectSection
EndProject
Project("{8BC9CEB8-8B4A-11D0-8D11-00A0C91BC942}") = "libcthreads", "libcthreads\libcthreads.vcproj", "{72E5D9E6-B726-4890-978F-DD8C2B12BF5D}"
	ProjectSection(ProjectDependencies) = postProject
		{5B660749-D0AA-42C7-B394-9DCAA4DC7239} = {5B660749-D0AA-42C7-B394-9DCAA4DC7239}
	EndProjectSection
EndProject
Project("{8BC9CEB8-8B4A-11D0-8D11-00A0C91BC942}") = "libcpath", "libcpath\libcpath.vcproj", "{D31D2AD6-7EEE-4494-8FBA-0F025E725529}"
	ProjectSection(ProjectDependencies) = postProject
		{5B660749-D0AA-42C7-B394-9DCAA4DC7239} = {5B660749-D0AA-42C7-B394-9DCAA4DC7239}
		{0D74892E-9E9C-4ED4-B754-167F75436313} = {0D74892E-9E9C-4ED4-B754-167F75436313}
		{6F2589F3-75A5-4AB7-A4B9-7CED1FFADF3D} = {6F2589F3-75A5-4AB7-A4B9-7CED1FFADF3D}
		{C6753809-4088-48F5-A83B-71F5BAD68B62} = {C6753809-4088-48F5-A83B-71F5BAD68B62}
	EndProjectSection
EndProject
Project("{8BC9CEB8-8B4A-11D0-8D11-00A0C91BC942}") = "vsbsdlinfo", "vsbsdlinfo\vsbsdlinfo.vcproj", "{CACD0E7A-D0ED-4031-A989-D486CBEB99EE}"
	ProjectSection(ProjectDependencies) = postProject
		{B4E06615-E72D-4D0F-A004-E7F20FE0834A} = {B4E06615-E72D-4D0F-A004-E7F20FE0834A}
		{D31D2AD6-7EEE-4494-8FBA-0F025E725529} = {D31D2AD6-7EEE-4494-8FBA-0F025E725529}
		{1A67AA08-F5B7-41DA-A0CC-DBC6DC36C9A5} = {1A67AA08-F5B7-41DA-A0CC-DBC6DC36C9A5}
		{C6753809-4088-48F5-A83B-71F5BAD68B62} = {C6753809-4088-48F5-A83B-71F5BAD68B62}
		{6F2589F3-75A5-4AB7-A4B9-7CED1FFADF3D} = {6F2589F3-75A5-4AB7-A4B9-7CED1FFADF3D}
		{8FD845FB-9E4C-41D7-A2AE-2D7F81DB853B} = {8FD845FB-9E4C-41D7-A2AE-2D7F81DB853B}
		{E0AD4C44-9FB3-4E2B-B7E1-4A1BA66CF6F2} = {E0AD4C44-9FB3-4E2B-B7E1-4A1BA66CF6F2}
		{0D74892E-9E9C-4ED4-B754-167F75436313} = {0D74892E-9E9C-4ED4-B754-167F75436313}
		{6BDB58C0-EE0C-4603-8257-46D76F854EF4} = {6BDB58C0-EE0C-4603-8257-46D76F854EF4}
		{E0AD4C44-9FB3-4E2B-B7E1-4A1BA66CF6F2} = {E0AD4C44-9FB3-4E2B-B7E1-4A1BA66CF6F2}
		{0D74892E-9E9C-4ED4-B754-167F75436313} = {0D74892E-9E9C-4ED4-B754-167F75436313}
		{5B660749-D0AA-42C7-B394-9DCAA4DC7239} = {5B660749-D0AA-42C7-B394-9DCAA4DC7239}
	EndProjectSection
EndProject
Project("{8BC9CEB8-8B4A-11D0-8D11-00A0C91BC942}") = "libuna", "libuna\libuna.vcproj", "{C6753809-4088-48F5-A83B-71F5BAD68B62}"
	ProjectSection(ProjectDependencies) = postProject
		{5B660749-D0AA-42C7-B394-9DCAA4DC7239} = {5B660749-D0AA-42C7-B394-9DCAA4DC7239}
	EndProjectSection
EndProject
Project("{8BC9CEB8-8B4A-11D0-8D11-00A0C91BC942}") = "libcerror", "libcerror\libcerror.vcproj", "{5B660749-D0AA-42C7-B394-9DCAA4DC7239}"
EndProject
Project("{8BC9CEB8-8B4A-11D0-8D11-00A0C91BC942}") = "libcnotify", "libcnotify\libcnotify.vcproj", "{E0AD4C44-9FB3-4E2B-B7E1-4A1BA66CF6F2}"
	ProjectSection(ProjectDependencies) = postProject
		{5B660749-D0AA-42C7-B394-9DCAA4DC7239} = {5B660749-D0AA-42C7-B394-9DCAA4DC7239}
	EndProjectSection
EndProject
Project("{8BC9CEB8-8B4A-11D0-8D11-00A0C91BC942}") = "libvsbsdl", "libvsbsdl\libvsbsdl.vcproj", "{6BDB58C0-EE0C-4603-8257-46D76F854EF4}"
	ProjectSection(ProjectDependencies) = postProject
		{5B660749-D0AA-42C7-B394-9DCAA4DC7239} = {5B660749-D0AA-42C7-B394-9DCAA4DC7239}
		{72E5D9E6-B726-4890-978F-DD8C2B12BF5D} = {72E5D9E6-B726-4890-978F-DD8C2B12BF5D}
		{8FD845FB-9E4C-41D7-A2AE-2D7F81DB853B} = {8FD845FB-9E4C-41D7-A2AE-2D7F81DB853B}
		{0D74892E-9E9C-4ED4-B754-167F75436313} = {0D74892E-9E9C-4ED4-B754-167F75436313}
		{E0AD4C44-9FB3-4E2B-B7E1-4A1BA66CF6F2} = {E0AD4C44-9FB3-4E2B-B7E1-4A1BA66CF6F2}
		{6F2589F3-75A5-4AB7-A4B9-7CED1FFADF3D} = {6F2589F3-75A5-4AB7-A4B9-7CED1FFADF3D}
		{C6753809-4088-48F5-A83B-71F5BAD68B62} = {C6753809-4088-48F5-A83B-71F5BAD68B62}
		{1A67AA08-F5B7-41DA-A0CC-DBC6DC36C9A5} = {1A67AA08-F5B7-41DA-A0CC-DBC6DC36C9A5}
		{D31D2AD6-7EEE-4494-8FBA-0F025E725529} = {D31D2AD6-7EEE-4494-8FBA-0F025E725529}
		{B4E06615-E72D-4D0F-A004-E7F20FE0834A} = {B4E06615-E72D-4D0F-A004-E7F20FE0834A}
		{20C0F3F3-F605-48A2-9B4D-EF658CD14D2C} = {20C0F3F3-F605-48A2-9B4D-EF658CD14D2C}
		{5C3C9A6D-1C36-475B-97FA-3556AE623096} = {5C3C9A6D-1C36-475B-97FA-3556AE623096}
	EndProjectSection
EndProject
Project("{8BC9CEB8-8B4A-11D0-8D11-00A0C91BC942}") = "libfdata", "libfdata\libfdata.vcproj", "{5C3C9A6D-1C36-475B-97FA-3556AE623096}"
	ProjectSection(ProjectDependencies) = postProject
		{5B660749-D0AA-42C7-B394-9DCAA4DC7239} = {5B660749-D0AA-42C7-B394-9DCAA4DC7239}
		{72E5D9E6-B726-4890-978F-DD8C2B12BF5D} = {72E5D9E6-B726-4890-978F-DD8C2B12BF5D}
		{8FD845FB-9E4C-41D7-A2AE-2D7F81DB853B} = {8FD845FB-9E4C-41D7-A2AE-2D7F81DB853B}
		{E0AD4C44-9FB3-4E2B-B7E1-4A1BA66CF6F2} = {E0AD4C44-9FB3-4E2B-B7E1-4A1BA66CF6F2}
		{20C0F3F3-F605-48A2-9B4D-EF658CD14D2C} = {20C0F3F3-F605-48A2-9B4D-EF658CD14D2C}
	EndProjectSection
EndProject
Project("{8BC9CEB8-8B4A-11D0-8D11-00A0C91BC942}") = "libcdata", "libcdata\libcdata.vcproj", "{8FD845FB-9E4C-41D7-A2AE-2D7F81DB853B}"
	ProjectSection(ProjectDependencies) = postProject
		{5B660749-D0AA-42C7-B394-9DCAA4DC7239} = {5B660749-D0AA-42C7-B394-9DCAA4DC7239}
		{72E5D9E6-B726-4890-978F-DD8C2B12BF5D} = {72E5D9E6-B726-4890-978F-DD8C2B12BF5D}
	EndProjectSection
EndProject
Project("{8BC9CEB8-8B4A-11D0-8D11-00A0C91BC942}") = "libcsplit", "libcsplit\libcsplit.vcproj", "{6F2589F3-75A5-4AB7-A4B9-7CED1FFADF3D}"
	ProjectSection(ProjectDependencies) = postProject
		{5B660749-D0AA-42C7-B394-9DCAA4DC7239} = {5B660749-D0AA-42C7-B394-9DCAA4DC7239}
	EndProjectSection
EndProject
Global
	GlobalSection(SolutionConfigurationPlatforms) = preSolution
		Release|Win32 = Release|Win32
		VSDebug|Win32 = VSDebug|Win32
	EndGlobalSection
	GlobalSection(ProjectConfigurationPlatforms) = postSolution
		{20C0F3F3-F605-48A2-9B4D-EF658CD14D2C}.Release|Win32.ActiveCfg = Release|Win32
		{20C0F3F3-F605-48A2-9B4D-EF658CD14D2C}.Release|Win32.Build.0 = Release|Win32
		{20C0F3F3-F605-48A2-9B4D-EF658CD14D2C}.VSDebug|Win32.ActiveCfg = VSDebug|Win32
		{20C0F3F3-F605-48A2-9B4D-EF658CD14D2C}.VSDebug|Win32.Build.0 = VSDebug|Win32
		{F8AEA15A-F155-4A65-88E8-037C28916493}.Release|Win32.ActiveCfg = Release|Win32
		{F8AEA15A-F155-4A65-88E8-037C28916493}.Release|Win32.Build.0 = Release|Win32
		{F8AEA15A-F155-4A65-88E8-037C28916493}.VSDebug|Win32.ActiveCfg = VSDebug|Win32
		{F8AEA15A-F155-4A65-88E8-037C28916493}.VSDebug|Win32.Build.0 = VSDebug|Win32
		{AEEC706E-E9E7-4518-AC75-034FFE134B00}.Release|Win32.ActiveCfg = Release|Win32
		{AEEC706E-E9E7-4518-AC75-034FFE134B00}.Release|Win32.Build.0 = Release|Win32
		{AEEC706E-E9E7-4518-AC75-034FFE134B00}.VSDebug|Win32.ActiveCfg = VSDebug|Win32
		{AEEC706E-E9E7-4518-AC75-034FFE134B00}.VSDebug|Win32.Build.0 = VSDebug|Win32
		{5C8A41FE-90A3-45C8-85BF-DACAABEBF619}.Release|Win32.ActiveCfg = Release|Win32
		{5C8A41FE-90A3-45C8-85BF-DACAABEBF619}.Release|Win32.Build.0 = Release|Win32
		{5C8A41FE-90A3-45C8-85BF-DACAABEBF619}.VSDebug|Win32.ActiveCfg = VSDebug|Win32
		{5C8A41FE-90A3-45C8-85BF-DACAABEBF619}.VSDebug|Win32.Build.0 = VSDebug|Win32
		{FF05C568-04A1-4030-8718-2178965851A2}.Release|Win32.ActiveCfg = Release|Win32
		{FF05C568-04A1-4030-8718-2178965851A2}.Release|Win32.Build.0 = Release|Win32
		{FF05C568-04A1-4030-8718-2178965851A2}.VSDebug|Win32.ActiveCfg = VSDebug|Win32
		{FF05C568-04A1-4030-8718-2178965851A2}.VSDebug|Win32.Build.0 = VSDebug|Win32
		{BB9F971B-2B93-4C98-977F-B25D32A27B38}.Release|Win32.ActiveCfg = Release|Win32
		{BB9F971B-2B93-4C98-977F-B25D32A27B38}.Release|Win32.Build.0 = Release|Win32
		{BB9F971B-2B93-4C98-977F-B25D32A27B38}.VSDebug|Win32.ActiveCfg = VSDebug|Win32
		{BB9F971B-2B93-4C98-977F-B25D32A27B38}.VSDebug|Win32.Build.0 = VSDebug|Win32
		{4D55B919-36EC-461D-B874-F4E052B37B4F}.Release|Win32.ActiveCfg = Release|Win32
		{4D55B919-36EC-461D-B874-F4E052B37B4F}.Release|Win32.Build.0 = Release|Win32
		{4D55B919-36EC-461D-B874-F4E052B37B4F}.VSDebug|Win32.ActiveCfg = VSDebug|Win32
		{4D55B919-36EC-461D-B874-F4E052B37B4F}.VSDebug|Win32.Build.0 = VSDebug|Win32
		{771D7AC3-53F4-4E45-8412-FBB5431604A8}.Release|Win32.ActiveCfg = Release|Win32
		{771D7AC3-53F4-4E45-8412-FBB5431604A8}.Release|Win32.Build.0 = Release|Win32
		{771D7AC3-53F4-4E45-8412-FBB5431604A8}.VSDebug|Win32.ActiveCfg = VSDebug|Win32
		{771D7AC3-53F4-4E45-8412-FBB5431604A8}.VSDebug|Win32.Build.0 = VSDebug|Win32
		{3E4B3B2B-2C51-4586-BE3F-BF8EC4ACA9D8}.Release|Win32.ActiveCfg = Release|Win32
		{3E4B3B2B-2C51-4586-BE3F-BF8EC4ACA9D8}.Release|Win32.Build.0 = Release|Win32
		{3E4B3B2B-2C51-4586-BE3F-BF8EC4ACA9D8}.VSDebug|Win32.ActiveCfg = VSDebug|Win32
		{3E4B3B2B-2C51-4586-BE3F-BF8EC4ACA9D8}.VSDebug|Win32.Build.0 = VSDebug|Win32
		{DE76A5EE-7577-4C99-80EB-E7C2DE4FB955}.Release|Win32.ActiveCfg = Release|Win32
		{DE76A5EE-7577-4C99-80EB-E7C2DE4FB955}.Release|Win32.Build.0 = Release|Win32
		{DE76A5EE-7577-4C99-80EB-E7C2DE4FB955}.VSDebug|Win32.ActiveCfg = VSDebug|Win32
		{DE76A5EE-7577-4C99-80EB-E7C2DE4FB955}.VSDebug|Win32.Build.0 = VSDebug|Win32
		{025B94A5-5D64-44A2-BC84-1DCBDB3D219C}.Release|Win32.ActiveCfg = Release|Win32
		{025B94A5-5D64-44A2-BC84-1DCBDB3D219C}.Release|Win32.Build.0 = Release|Win32
		{025B94A5-5D64-44A2-BC84-1DCBDB3D219C}.VSDebug|Win32.ActiveCfg = VSDebug|Win32
		{025B94A5-5D64-44A2-BC84-1DCBDB3D219C}.VSDebug|Win32.Build.0 = VSDebug|Win32
		{7157676C-F63D-40D0-8BEF-118F1D14D10E}.Release|Win32.ActiveCfg = Release|Win32
		{7157676C-F63D-40D0-8BEF-118F1D14D10E}.Release|Win32.Build.0 = Release|Win32
		{7157676C-F63D-40D0-8BEF-118F1D14D10E}.VSDebug|Win32.ActiveCfg = VSDebug|Win32
		{7157676C-F63D-40D0-8BEF-118F1D14D10E}.VSDebug|Win32.Build.0 = VSDebug|Win32
		{02B4454B-A28D-4738-B66C-DE1719A6BCCF}.Release|Win32.ActiveCfg = Release|Win32
		{02B4454B-A28D-4738-B66C-DE1719A6BCCF}.Release|Win32.Build.0 = Release|Win32
		{02B4454B-A28D-4738-B66C-DE1719A6BCCF}.VSDebug|Win32.ActiveCfg = VSDebug|Win32
		{02B4454B-A28D-4738-B66C-DE1719A6BCCF}.VSDebug|Win32.Build.0 = VSDebug|Win32
		{0D74892E-9E9C-4ED4-B754-167F75436313}.Release|Win32.ActiveCfg = Release|Win32
		{0D74892E-9E9C-4ED4-B754-167F75436313}.Release|Win32.Build.0 = Release|Win32
		{0D74892E-9E9C-4ED4-B754-167F75436313}.VSDebug|Win32.ActiveCfg = VSDebug|Win32
		{0D74892E-9E9C-4ED4-B754-167F75436313}.VSDebug|Win32.Build.0 = VSDebug|Win32
		{B4E06615-E72D-4D0F-A004-E7F20FE0834A}.Release|Win32.ActiveCfg = Release|Win32
		{B4E06615-E72D-4D0F-A004-E7F20FE0834A}.Release|Win32.Build.0 = Release|Win32
		{B4E06615-E72D-4D0F-A004-E7F20FE0834A}.VSDebug|Win32.ActiveCfg = VSDebug|Win32
		{B4E06615-E72D-4D0F-A004-E7F20FE0834A}.VSDebug|Win32.Build.0 = VSDebug|Win32
		{809BD8D1-DB44-46A1-BD2A-C2A2C0F0109E}.Release|Win32.ActiveCfg = Release|Win32
		{809BD8D1-DB44-46A1-BD2A-C2A2C0F0109E}.Release|Win32.Build.0 = Release|Win32
		{809BD8D1-DB44-46A1-BD2A-C2A2C0F0109E}.VSDebug|Win32.ActiveCfg = VSDebug|Win32
		{809BD8D1-DB44-46A1-BD2A-C2A2C0F0109E}.VSDebug|Win32.Build.0 = VSDebug|Win32
		{1A67AA08-F5B7-41DA-A0CC-DBC6DC36C9A5}.Release|Win32.ActiveCfg = Release|Win32
		{1A67AA08-F5B7-41DA-A0CC-DBC6DC36C9A5}.Release|Win32.Build.0 = Release|Win32
		{1A67AA08-F5B7-41DA-A0CC-DBC6DC36C9A5}.VSDebug|Win32.ActiveCfg = VSDebug|Win32
		{1A67AA08-F5B7-41DA-A0CC-DBC6DC36C9A5}.VSDebug|Win32.Build.0 = VSDebug|Win32
		{72E5D9E6-B726-4890-978F-DD8C2B12BF5D}.Release|Win32.ActiveCfg = Release|Win32
		{72E5D9E6-B726-4890-978F-DD8C2B12BF5D}.Release|Win32.Build.0 = Release|Win32
		{72E5D9E6-B726-4890-978F-DD8C2B12BF5D}.VSDebug|Win32.ActiveCfg = VSDebug|Win32
		{72E5D9E6-B726-4890-978F-DD8C2B12BF5D}.VSDebug|Win32.Build.0 = VSDebug|Win32
		{D31D2AD6-7EEE-4494-8FBA-0F025E725529}.Release|Win32.ActiveCfg = Release|Win32
		{D31D2AD6-7EEE-4494-8FBA-0F025E725529}.Release|Win32.Build.0 = Release|Win32
		{D31D2AD6-7EEE-4494-8FBA-0F025E725529}.VSDebug|Win32.ActiveCfg = VSDebug|Win32
		{D31D2AD6-7EEE-4494-8FBA-0F025E725529}.VSDebug|Win32.Build.0 = VSDebug|Win32
		{CACD0E7A-D0ED-4031-A989-D486CBEB99EE}.Release|Win32.ActiveCfg = Release|Win32
		{CACD0E7A-D0ED-4031-A989-D486CBEB99EE}.Release|Win32.Build.0 = Release|Win32
		{CACD0E7A-D0ED-4031-A989-D486CBEB99EE}.VSDebug|Win32.ActiveCfg = VSDebug|Win32
		{CACD0E7A-D0ED-4031-A989-D486CBEB99EE}.VSDebug|Win32.Build.0 = VSDebug|Win32
		{C6753809-4088-48F5-A83B-71F5BAD68B62}.Release|Win32.ActiveCfg = Release|Win32
		{C6753809-4088-48F5-A83B-71F5BAD68B62}.Release|Win32.Build.0 = Release|Win32
		{C6753809-4088-48F5-A83B-71F5BAD68B62}.VSDebug|Win32.ActiveCfg = VSDebug|Win32
		{C6753809-4088-48F5-A83B-71F5BAD68B62}.VSDebug|Win32.Build.0 = VSDebug|Win32
		{5B660749-D0AA-42C7-B394-9DCAA4DC7239}.Release|Win32.ActiveCfg = Release|Win32
		{5B660749-D0AA-42C7-B394-9DCAA4DC7239}.Release|Win32.Build.0 = Release|Win32
		{5B660749-D0AA-42C7-B394-9DCAA4DC7239}.VSDebug|Win32.ActiveCfg = VSDebug|Win32
		{5B660749-D0AA-42C7-B394-9DCAA4DC7239}.VSDebug|Win32.Build.0 = VSDebug|Win32
		{E0AD4C44-9FB3-4E2B-B7E1-4A1BA66CF6F2}.Release|Win32.ActiveCfg = Release|Win32
		{E0AD4C44-9FB3-4E2B-B7E1-4A1BA66CF6F2}.Release|Win32.Build.0 = Release|Win32
		{E0AD4C44-9FB3-4E2B-B7E1-4A1BA66CF6F2}.VSDebug|Win32.ActiveCfg = VSDebug|Win32
		{E0AD4C44-9FB3-4E2B-B7E1-4A1BA66CF6F2}.VSDebug|Win32.Build.0 = VSDebug|Win32
		{6BDB58C0-EE0C-4603-8257-46D76F854EF4}.Release|Win32.ActiveCfg = Release|Win32
		{6BDB58C0-EE0C-4603-8257-46D76F854EF4}.Release|Win32.Build.0 = Release|Win32
		{6BDB58C0-EE0C-4603-8257-46D76F854EF4}.VSDebug|Win32.ActiveCfg = VSDebug|Win32
		{6BDB58C0-EE0C-4603-8257-46D76F854EF4}.VSDebug|Win32.Build.0 = VSDebug|Win32
		{5C3C9A6D-1C36-475B-97FA-3556AE623096}.Release|Win32.ActiveCfg = Release|Win32
		{5C3C9A6D-1C36-475B-97FA-3556AE623096}.Release|Win32.Build.0 = Release|Win32
		{5C3C9A6D-1C36-475B-97FA-3556AE623096}.VSDebug|Win32.ActiveCfg = VSDebug|Win32
		{5C3C9A6D-1C36-475B-97FA-3556AE623096}.VSDebug|Win32.Build.0 = VSDebug|Win32
		{8FD845FB-9E4C-41D7-A2AE-2D7F81DB853B}.Release|Win32.ActiveCfg = Release|Win32
		{8FD845FB-9E4C-41D7-A2AE-2D7F81DB853B}.Release|Win32.Build.0 = Release|Win32
		{8FD845FB-9E4C-41D7-A2AE-2D7F81DB853B}.VSDebug|Win32.ActiveCfg = VSDebug|Win32
		{8FD845FB-9E4C-41D7-A2AE-2D7F81DB853B}.VSDebug|Win32.Build.0 = VSDebug|Win32
		{6F2589F3-75A5-4AB7-A4B9-7CED1FFADF3D}.Release|Win32.ActiveCfg = Release|Win32
		{6F2589F3-75A5-4AB7-A4B9-7CED1FFADF3D}.Release|Win32.Build.0 = Release|Win32
		{6F2589F3-75A5-4AB7-A4B9-7CED1FFADF3D}.VSDebug|Win32.ActiveCfg = VSDebug|Win32
		{6F2589F3-75A5-4AB7-A4B9-7CED1FFADF3D}.VSDebug|Win32.Build.0 = VSDebug|Win32
	EndGlobalSection
	GlobalSection(SolutionProperties) = preSolution
		HideSolutionNode = FALSE
	EndGlobalSection
EndGlobal
